// !$*UTF8*$!
{
	archiveVersion = 1;
	classes = {
	};
	objectVersion = 56;
	objects = {

/* Begin PBXBuildFile section */
		BB0000050000000000000005 /* TadabburLockScreenWidget.swift in Sources */ = {isa = PBXBuildFile; fileRef = BB0000010000000000000001 /* TadabburLockScreenWidget.swift */; };
		BB0000060000000000000006 /* Ayah.swift in Sources */ = {isa = PBXBuildFile; fileRef = AA000002000000000000002B /* Ayah.swift */; };
		BB0000070000000000000007 /* TadabburWidgetExtension.appex in Embed App Extensions */ = {isa = PBXBuildFile; fileRef = BB0000030000000000000003 /* TadabburWidgetExtension.appex */; settings = {ATTRIBUTES = (RemoveHeadersOnCopy, ); }; };
		AA000001000000000000001A /* TadabburApp.swift in Sources */ = {isa = PBXBuildFile; fileRef = AA000001000000000000001B /* TadabburApp.swift */; };
		AA000002000000000000002A /* Ayah.swift in Sources */ = {isa = PBXBuildFile; fileRef = AA000002000000000000002B /* Ayah.swift */; };
		AA000003000000000000003A /* AyahStore.swift in Sources */ = {isa = PBXBuildFile; fileRef = AA000003000000000000003B /* AyahStore.swift */; };
		AA000004000000000000004A /* SettingsStore.swift in Sources */ = {isa = PBXBuildFile; fileRef = AA000004000000000000004B /* SettingsStore.swift */; };
		AA000005000000000000005A /* NotificationManager.swift in Sources */ = {isa = PBXBuildFile; fileRef = AA000005000000000000005B /* NotificationManager.swift */; };
		AA000006000000000000006A /* AudioPlayer.swift in Sources */ = {isa = PBXBuildFile; fileRef = AA000006000000000000006B /* AudioPlayer.swift */; };
		AA000007000000000000007A /* BackgroundRefreshHandler.swift in Sources */ = {isa = PBXBuildFile; fileRef = AA000007000000000000007B /* BackgroundRefreshHandler.swift */; };
		AA000008000000000000008A /* RootTabView.swift in Sources */ = {isa = PBXBuildFile; fileRef = AA000008000000000000008B /* RootTabView.swift */; };
		AA000009000000000000009A /* ReflectionHomeView.swift in Sources */ = {isa = PBXBuildFile; fileRef = AA000009000000000000009B /* ReflectionHomeView.swift */; };
		AA00000A0000000000000AAA /* ReflectionOverlayView.swift in Sources */ = {isa = PBXBuildFile; fileRef = AA00000A0000000000000AAB /* ReflectionOverlayView.swift */; };
		AA00000B0000000000000BBA /* SurahChipView.swift in Sources */ = {isa = PBXBuildFile; fileRef = AA00000B0000000000000BBB /* SurahChipView.swift */; };
		AA00000C0000000000000CCA /* OrnamentDividerView.swift in Sources */ = {isa = PBXBuildFile; fileRef = AA00000C0000000000000CCB /* OrnamentDividerView.swift */; };
		AA00000D0000000000000DDA /* AudioButtonView.swift in Sources */ = {isa = PBXBuildFile; fileRef = AA00000D0000000000000DDB /* AudioButtonView.swift */; };
		AA00000E0000000000000EEA /* ContinueButton.swift in Sources */ = {isa = PBXBuildFile; fileRef = AA00000E0000000000000EEB /* ContinueButton.swift */; };
		AA00000F0000000000000FFA /* SettingsView.swift in Sources */ = {isa = PBXBuildFile; fileRef = AA00000F0000000000000FFB /* SettingsView.swift */; };
		AA000010000000000000010A /* AyahPreviewCard.swift in Sources */ = {isa = PBXBuildFile; fileRef = AA000010000000000000010B /* AyahPreviewCard.swift */; };
		AA000013000000000000013A /* ShortcutsGuideView.swift in Sources */ = {isa = PBXBuildFile; fileRef = AA000013000000000000013B /* ShortcutsGuideView.swift */; };
		AA000011000000000000011A /* Assets.xcassets in Resources */ = {isa = PBXBuildFile; fileRef = AA000011000000000000011B /* Assets.xcassets */; };
/* End PBXBuildFile section */

/* Begin PBXContainerItemProxy section */
		BB00000C000000000000000C /* PBXContainerItemProxy */ = {
			isa = PBXContainerItemProxy;
			containerPortal = AA0000D000000000000000D0 /* Project object */;
			proxyType = 1;
			remoteGlobalIDString = BB00000E000000000000000E;
			remoteInfo = TadabburWidgetExtension;
		};
/* End PBXContainerItemProxy section */

/* Begin PBXCopyFilesBuildPhase section */
		BB00000B000000000000000B /* Embed App Extensions */ = {
			isa = PBXCopyFilesBuildPhase;
			buildActionMask = 2147483647;
			dstPath = "";
			dstSubfolderSpec = 13;
			files = (
				BB0000070000000000000007 /* TadabburWidgetExtension.appex in Embed App Extensions */,
			);
			name = "Embed App Extensions";
			runOnlyForDeploymentPostprocessing = 0;
		};
/* End PBXCopyFilesBuildPhase section */

/* Begin PBXFileReference section */
		BB0000010000000000000001 /* TadabburLockScreenWidget.swift */ = {isa = PBXFileReference; lastKnownFileType = sourcecode.swift; path = TadabburLockScreenWidget.swift; sourceTree = "<group>"; };
		BB0000020000000000000002 /* Info.plist */ = {isa = PBXFileReference; lastKnownFileType = text.plist.xml; path = Info.plist; sourceTree = "<group>"; };
		BB0000030000000000000003 /* TadabburWidgetExtension.appex */ = {isa = PBXFileReference; explicitFileType = "wrapper.app-extension"; includeInIndex = 0; path = TadabburWidgetExtension.appex; sourceTree = BUILT_PRODUCTS_DIR; };
		AA000001000000000000001B /* TadabburApp.swift */ = {isa = PBXFileReference; lastKnownFileType = sourcecode.swift; path = TadabburApp.swift; sourceTree = "<group>"; };
		AA000002000000000000002B /* Ayah.swift */ = {isa = PBXFileReference; lastKnownFileType = sourcecode.swift; path = Ayah.swift; sourceTree = "<group>"; };
		AA000003000000000000003B /* AyahStore.swift */ = {isa = PBXFileReference; lastKnownFileType = sourcecode.swift; path = AyahStore.swift; sourceTree = "<group>"; };
		AA000004000000000000004B /* SettingsStore.swift */ = {isa = PBXFileReference; lastKnownFileType = sourcecode.swift; path = SettingsStore.swift; sourceTree = "<group>"; };
		AA000005000000000000005B /* NotificationManager.swift */ = {isa = PBXFileReference; lastKnownFileType = sourcecode.swift; path = NotificationManager.swift; sourceTree = "<group>"; };
		AA000006000000000000006B /* AudioPlayer.swift */ = {isa = PBXFileReference; lastKnownFileType = sourcecode.swift; path = AudioPlayer.swift; sourceTree = "<group>"; };
		AA000007000000000000007B /* BackgroundRefreshHandler.swift */ = {isa = PBXFileReference; lastKnownFileType = sourcecode.swift; path = BackgroundRefreshHandler.swift; sourceTree = "<group>"; };
		AA000008000000000000008B /* RootTabView.swift */ = {isa = PBXFileReference; lastKnownFileType = sourcecode.swift; path = RootTabView.swift; sourceTree = "<group>"; };
		AA000009000000000000009B /* ReflectionHomeView.swift */ = {isa = PBXFileReference; lastKnownFileType = sourcecode.swift; path = ReflectionHomeView.swift; sourceTree = "<group>"; };
		AA00000A0000000000000AAB /* ReflectionOverlayView.swift */ = {isa = PBXFileReference; lastKnownFileType = sourcecode.swift; path = ReflectionOverlayView.swift; sourceTree = "<group>"; };
		AA00000B0000000000000BBB /* SurahChipView.swift */ = {isa = PBXFileReference; lastKnownFileType = sourcecode.swift; path = SurahChipView.swift; sourceTree = "<group>"; };
		AA00000C0000000000000CCB /* OrnamentDividerView.swift */ = {isa = PBXFileReference; lastKnownFileType = sourcecode.swift; path = OrnamentDividerView.swift; sourceTree = "<group>"; };
		AA00000D0000000000000DDB /* AudioButtonView.swift */ = {isa = PBXFileReference; lastKnownFileType = sourcecode.swift; path = AudioButtonView.swift; sourceTree = "<group>"; };
		AA00000E0000000000000EEB /* ContinueButton.swift */ = {isa = PBXFileReference; lastKnownFileType = sourcecode.swift; path = ContinueButton.swift; sourceTree = "<group>"; };
		AA00000F0000000000000FFB /* SettingsView.swift */ = {isa = PBXFileReference; lastKnownFileType = sourcecode.swift; path = SettingsView.swift; sourceTree = "<group>"; };
		AA000010000000000000010B /* AyahPreviewCard.swift */ = {isa = PBXFileReference; lastKnownFileType = sourcecode.swift; path = AyahPreviewCard.swift; sourceTree = "<group>"; };
		AA000013000000000000013B /* ShortcutsGuideView.swift */ = {isa = PBXFileReference; lastKnownFileType = sourcecode.swift; path = ShortcutsGuideView.swift; sourceTree = "<group>"; };
		AA000011000000000000011B /* Assets.xcassets */ = {isa = PBXFileReference; lastKnownFileType = folder.assetcatalog; path = Assets.xcassets; sourceTree = "<group>"; };
		AA000012000000000000012B /* Info.plist */ = {isa = PBXFileReference; lastKnownFileType = text.plist.xml; path = Info.plist; sourceTree = "<group>"; };
		AA0000FF00000000000000FF /* Tadabbur.app */ = {isa = PBXFileReference; explicitFileType = wrapper.application; includeInIndex = 0; path = Tadabbur.app; sourceTree = BUILT_PRODUCTS_DIR; };
/* End PBXFileReference section */

/* Begin PBXFrameworksBuildPhase section */
		BB0000090000000000000009 /* Frameworks */ = {
			isa = PBXFrameworksBuildPhase;
			buildActionMask = 2147483647;
			files = (
			);
			runOnlyForDeploymentPostprocessing = 0;
		};
		AA0000F100000000000000F1 /* Frameworks */ = {
			isa = PBXFrameworksBuildPhase;
			buildActionMask = 2147483647;
			files = (
			);
			runOnlyForDeploymentPostprocessing = 0;
		};
/* End PBXFrameworksBuildPhase section */

/* Begin PBXGroup section */
		BB0000040000000000000004 /* TadabburWidget */ = {
			isa = PBXGroup;
			children = (
				BB0000010000000000000001 /* TadabburLockScreenWidget.swift */,
				BB0000020000000000000002 /* Info.plist */,
			);
			path = TadabburWidget;
			sourceTree = "<group>";
		};
		AA0000A000000000000000A0 = {
			isa = PBXGroup;
			children = (
				AA0000A100000000000000A1 /* Tadabbur */,
				BB0000040000000000000004 /* TadabburWidget */,
				AA0000A200000000000000A2 /* Products */,
			);
			sourceTree = "<group>";
		};
		AA0000A100000000000000A1 /* Tadabbur */ = {
			isa = PBXGroup;
			children = (
				AA000001000000000000001B /* TadabburApp.swift */,
				AA000012000000000000012B /* Info.plist */,
				AA0000B100000000000000B1 /* Model */,
				AA0000B200000000000000B2 /* Managers */,
				AA0000B300000000000000B3 /* Views */,
				AA000011000000000000011B /* Assets.xcassets */,
				AA0000B400000000000000B4 /* Resources */,
			);
			path = Tadabbur;
			sourceTree = "<group>";
		};
		AA0000A200000000000000A2 /* Products */ = {
			isa = PBXGroup;
			children = (
				AA0000FF00000000000000FF /* Tadabbur.app */,
				BB0000030000000000000003 /* TadabburWidgetExtension.appex */,
			);
			name = Products;
			sourceTree = "<group>";
		};
		AA0000B100000000000000B1 /* Model */ = {
			isa = PBXGroup;
			children = (
				AA000002000000000000002B /* Ayah.swift */,
				AA000003000000000000003B /* AyahStore.swift */,
			);
			path = Model;
			sourceTree = "<group>";
		};
		AA0000B200000000000000B2 /* Managers */ = {
			isa = PBXGroup;
			children = (
				AA000004000000000000004B /* SettingsStore.swift */,
				AA000005000000000000005B /* NotificationManager.swift */,
				AA000006000000000000006B /* AudioPlayer.swift */,
				AA000007000000000000007B /* BackgroundRefreshHandler.swift */,
			);
			path = Managers;
			sourceTree = "<group>";
		};
		AA0000B300000000000000B3 /* Views */ = {
			isa = PBXGroup;
			children = (
				AA000008000000000000008B /* RootTabView.swift */,
				AA0000B500000000000000B5 /* Reflection */,
				AA0000B600000000000000B6 /* Settings */,
			);
			path = Views;
			sourceTree = "<group>";
		};
		AA0000B400000000000000B4 /* Resources */ = {
			isa = PBXGroup;
			children = (
			);
			path = Resources;
			sourceTree = "<group>";
		};
		AA0000B500000000000000B5 /* Reflection */ = {
			isa = PBXGroup;
			children = (
				AA000009000000000000009B /* ReflectionHomeView.swift */,
				AA00000A0000000000000AAB /* ReflectionOverlayView.swift */,
				AA00000B0000000000000BBB /* SurahChipView.swift */,
				AA00000C0000000000000CCB /* OrnamentDividerView.swift */,
				AA00000D0000000000000DDB /* AudioButtonView.swift */,
				AA00000E0000000000000EEB /* ContinueButton.swift */,
			);
			path = Reflection;
			sourceTree = "<group>";
		};
		AA0000B600000000000000B6 /* Settings */ = {
			isa = PBXGroup;
			children = (
				AA00000F0000000000000FFB /* SettingsView.swift */,
				AA000010000000000000010B /* AyahPreviewCard.swift */,
				AA000013000000000000013B /* ShortcutsGuideView.swift */,
			);
			path = Settings;
			sourceTree = "<group>";
		};
/* End PBXGroup section */

/* Begin PBXNativeTarget section */
		BB00000E000000000000000E /* TadabburWidgetExtension */ = {
			isa = PBXNativeTarget;
			buildConfigurationList = BB0000110000000000000011 /* Build configuration list for PBXNativeTarget "TadabburWidgetExtension" */;
			buildPhases = (
				BB0000080000000000000008 /* Sources */,
				BB0000090000000000000009 /* Frameworks */,
				BB00000A000000000000000A /* Resources */,
			);
			buildRules = (
			);
			dependencies = (
			);
			name = TadabburWidgetExtension;
			productName = TadabburWidgetExtension;
			productReference = BB0000030000000000000003 /* TadabburWidgetExtension.appex */;
			productType = "com.apple.product-type.app-extension";
		};
		AA0000E000000000000000E0 /* Tadabbur */ = {
			isa = PBXNativeTarget;
			buildConfigurationList = AA0000C100000000000000C1 /* Build configuration list for PBXNativeTarget "Tadabbur" */;
			buildPhases = (
				AA0000F000000000000000F0 /* Sources */,
				AA0000F100000000000000F1 /* Frameworks */,
				AA0000F200000000000000F2 /* Resources */,
				BB00000B000000000000000B /* Embed App Extensions */,
			);
			buildRules = (
			);
			dependencies = (
				BB00000D000000000000000D /* PBXTargetDependency */,
			);
			name = Tadabbur;
			productName = Tadabbur;
			productReference = AA0000FF00000000000000FF /* Tadabbur.app */;
			productType = "com.apple.product-type.application";
		};
/* End PBXNativeTarget section */

/* Begin PBXProject section */
		AA0000D000000000000000D0 /* Project object */ = {
			isa = PBXProject;
			attributes = {
				BuildIndependentTargetsInParallel = 1;
				LastSwiftUpdateCheck = 1500;
				LastUpgradeCheck = 1500;
				TargetAttributes = {
					AA0000E000000000000000E0 = {
						CreatedOnToolsVersion = 15.0;
					};
					BB00000E000000000000000E = {
						CreatedOnToolsVersion = 15.0;
					};
				};
			};
			buildConfigurationList = AA0000C000000000000000C0 /* Build configuration list for PBXProject "Tadabbur" */;
			compatibilityVersion = "Xcode 14.0";
			developmentRegion = en;
			hasScannedForEncodings = 0;
			knownRegions = (
				en,
				Base,
			);
			mainGroup = AA0000A000000000000000A0;
			productRefGroup = AA0000A200000000000000A2 /* Products */;
			projectDirPath = "";
			projectRoot = "";
			targets = (
				AA0000E000000000000000E0 /* Tadabbur */,
				BB00000E000000000000000E /* TadabburWidgetExtension */,
			);
		};
/* End PBXProject section */

/* Begin PBXResourcesBuildPhase section */
		BB00000A000000000000000A /* Resources */ = {
			isa = PBXResourcesBuildPhase;
			buildActionMask = 2147483647;
			files = (
			);
			runOnlyForDeploymentPostprocessing = 0;
		};
		AA0000F200000000000000F2 /* Resources */ = {
			isa = PBXResourcesBuildPhase;
			buildActionMask = 2147483647;
			files = (
				AA000011000000000000011A /* Assets.xcassets in Resources */,
			);
			runOnlyForDeploymentPostprocessing = 0;
		};
/* End PBXResourcesBuildPhase section */

/* Begin PBXTargetDependency section */
		BB00000D000000000000000D /* PBXTargetDependency */ = {
			isa = PBXTargetDependency;
			target = BB00000E000000000000000E /* TadabburWidgetExtension */;
			targetProxy = BB00000C000000000000000C /* PBXContainerItemProxy */;
		};
/* End PBXTargetDependency section */

/* Begin PBXSourcesBuildPhase section */
		BB0000080000000000000008 /* Sources */ = {
			isa = PBXSourcesBuildPhase;
			buildActionMask = 2147483647;
			files = (
				BB0000050000000000000005 /* TadabburLockScreenWidget.swift in Sources */,
				BB0000060000000000000006 /* Ayah.swift in Sources */,
			);
			runOnlyForDeploymentPostprocessing = 0;
		};
		AA0000F000000000000000F0 /* Sources */ = {
			isa = PBXSourcesBuildPhase;
			buildActionMask = 2147483647;
			files = (
				AA000001000000000000001A /* TadabburApp.swift in Sources */,
				AA000002000000000000002A /* Ayah.swift in Sources */,
				AA000003000000000000003A /* AyahStore.swift in Sources */,
				AA000004000000000000004A /* SettingsStore.swift in Sources */,
				AA000005000000000000005A /* NotificationManager.swift in Sources */,
				AA000006000000000000006A /* AudioPlayer.swift in Sources */,
				AA000007000000000000007A /* BackgroundRefreshHandler.swift in Sources */,
				AA000008000000000000008A /* RootTabView.swift in Sources */,
				AA000009000000000000009A /* ReflectionHomeView.swift in Sources */,
				AA00000A0000000000000AAA /* ReflectionOverlayView.swift in Sources */,
				AA00000B0000000000000BBA /* SurahChipView.swift in Sources */,
				AA00000C0000000000000CCA /* OrnamentDividerView.swift in Sources */,
				AA00000D0000000000000DDA /* AudioButtonView.swift in Sources */,
				AA00000E0000000000000EEA /* ContinueButton.swift in Sources */,
				AA00000F0000000000000FFA /* SettingsView.swift in Sources */,
				AA000010000000000000010A /* AyahPreviewCard.swift in Sources */,
				AA000013000000000000013A /* ShortcutsGuideView.swift in Sources */,
			);
			runOnlyForDeploymentPostprocessing = 0;
		};
/* End PBXSourcesBuildPhase section */

/* Begin XCBuildConfiguration section */
		BB00000F000000000000000F /* Debug */ = {
			isa = XCBuildConfiguration;
			buildSettings = {
				ASSETCATALOG_COMPILER_GLOBAL_ACCENT_COLOR_NAME = AccentColor;
				CODE_SIGN_STYLE = Automatic;
				CURRENT_PROJECT_VERSION = 1;
				DEVELOPMENT_TEAM = 5X83K7Q543;
				ENABLE_PREVIEWS = YES;
				GENERATE_INFOPLIST_FILE = NO;
				INFOPLIST_FILE = TadabburWidget/Info.plist;
				IPHONEOS_DEPLOYMENT_TARGET = 16.0;
				LD_RUNPATH_SEARCH_PATHS = (
					"$(inherited)",
					"@executable_path/Frameworks",
					"@executable_path/../../Frameworks",
				);
				MARKETING_VERSION = 1.0;
				PRODUCT_BUNDLE_IDENTIFIER = com.tadabbur.app.widget;
				PRODUCT_NAME = "$(TARGET_NAME)";
				SUPPORTED_PLATFORMS = "iphoneos iphonesimulator";
				SUPPORTS_MACCATALYST = NO;
				SUPPORTS_MAC_DESIGNED_FOR_IPHONE_IPAD = NO;
				SWIFT_EMIT_LOC_STRINGS = YES;
				SWIFT_VERSION = 5.0;
				TARGETED_DEVICE_FAMILY = 1;
			};
			name = Debug;
		};
		BB0000100000000000000010 /* Release */ = {
			isa = XCBuildConfiguration;
			buildSettings = {
				ASSETCATALOG_COMPILER_GLOBAL_ACCENT_COLOR_NAME = AccentColor;
				CODE_SIGN_STYLE = Automatic;
				CURRENT_PROJECT_VERSION = 1;
				DEVELOPMENT_TEAM = 5X83K7Q543;
				ENABLE_PREVIEWS = YES;
				GENERATE_INFOPLIST_FILE = NO;
				INFOPLIST_FILE = TadabburWidget/Info.plist;
				IPHONEOS_DEPLOYMENT_TARGET = 16.0;
				LD_RUNPATH_SEARCH_PATHS = (
					"$(inherited)",
					"@executable_path/Frameworks",
					"@executable_path/../../Frameworks",
				);
				MARKETING_VERSION = 1.0;
				PRODUCT_BUNDLE_IDENTIFIER = com.tadabbur.app.widget;
				PRODUCT_NAME = "$(TARGET_NAME)";
				SUPPORTED_PLATFORMS = "iphoneos iphonesimulator";
				SUPPORTS_MACCATALYST = NO;
				SUPPORTS_MAC_DESIGNED_FOR_IPHONE_IPAD = NO;
				SWIFT_EMIT_LOC_STRINGS = YES;
				SWIFT_VERSION = 5.0;
				TARGETED_DEVICE_FAMILY = 1;
			};
			name = Release;
		};
		AA0000C200000000000000C2 /* Debug */ = {
			isa = XCBuildConfiguration;
			buildSettings = {
				ALWAYS_SEARCH_USER_PATHS = NO;
				ASSETCATALOG_COMPILER_GENERATE_SWIFT_ASSET_SYMBOL_EXTENSIONS = YES;
				CLANG_ANALYZER_NONNULL = YES;
				CLANG_ANALYZER_NUMBER_OBJECT_CONVERSION = YES_AGGRESSIVE;
				CLANG_CXX_LANGUAGE_STANDARD = "gnu++20";
				CLANG_ENABLE_MODULES = YES;
				CLANG_ENABLE_OBJC_ARC = YES;
				CLANG_ENABLE_OBJC_WEAK = YES;
				CLANG_WARN_BLOCK_CAPTURE_AUTORELEASING = YES;
				CLANG_WARN_BOOL_CONVERSION = YES;
				CLANG_WARN_COMMA = YES;
				CLANG_WARN_CONSTANT_CONVERSION = YES;
				CLANG_WARN_DEPRECATED_OBJC_IMPLEMENTATIONS = YES;
				CLANG_WARN_DIRECT_OBJC_ISA_USAGE = YES_ERROR;
				CLANG_WARN_DOCUMENTATION_COMMENTS = YES;
				CLANG_WARN_EMPTY_BODY = YES;
				CLANG_WARN_ENUM_CONVERSION = YES;
				CLANG_WARN_INFINITE_RECURSION = YES;
				CLANG_WARN_INT_CONVERSION = YES;
				CLANG_WARN_NON_LITERAL_NULL_CONVERSION = YES;
				CLANG_WARN_OBJC_IMPLICIT_RETAIN_CYCLE = YES;
				CLANG_WARN_OBJC_LITERAL_CONVERSION = YES;
				CLANG_WARN_OBJC_ROOT_CLASS = YES_ERROR;
				CLANG_WARN_QUOTED_INCLUDE_IN_FRAMEWORK_HEADER = YES;
				CLANG_WARN_RANGE_LOOP_ANALYSIS = YES;
				CLANG_WARN_STRICT_PROTOTYPES = YES;
				CLANG_WARN_SUSPICIOUS_MOVE = YES;
				CLANG_WARN_UNGUARDED_AVAILABILITY = YES_AGGRESSIVE;
				CLANG_WARN_UNREACHABLE_CODE = YES;
				CLANG_WARN__DUPLICATE_METHOD_MATCH = YES;
				COPY_PHASE_STRIP = NO;
				DEBUG_INFORMATION_FORMAT = dwarf;
				ENABLE_STRICT_OBJC_MSGSEND = YES;
				ENABLE_TESTABILITY = YES;
				ENABLE_USER_SCRIPT_SANDBOXING = YES;
				GCC_C_LANGUAGE_STANDARD = gnu17;
				GCC_DYNAMIC_NO_PIC = NO;
				GCC_NO_COMMON_BLOCKS = YES;
				GCC_OPTIMIZATION_LEVEL = 0;
				GCC_PREPROCESSOR_DEFINITIONS = (
					"DEBUG=1",
					"$(inherited)",
				);
				GCC_WARN_64_TO_32_BIT_CONVERSION = YES;
				GCC_WARN_ABOUT_RETURN_TYPE = YES_ERROR;
				GCC_WARN_UNDECLARED_SELECTOR = YES;
				GCC_WARN_UNINITIALIZED_AUTOS = YES_AGGRESSIVE;
				GCC_WARN_UNUSED_FUNCTION = YES;
				GCC_WARN_UNUSED_VARIABLE = YES;
				IPHONEOS_DEPLOYMENT_TARGET = 16.0;
				MTL_ENABLE_DEBUG_INFO = INCLUDE_SOURCE;
				MTL_FAST_MATH = YES;
				ONLY_ACTIVE_ARCH = YES;
				SDKROOT = iphoneos;
				SWIFT_ACTIVE_COMPILATION_CONDITIONS = "DEBUG $(inherited)";
				SWIFT_OPTIMIZATION_LEVEL = "-Onone";
			};
			name = Debug;
		};
		AA0000C300000000000000C3 /* Release */ = {
			isa = XCBuildConfiguration;
			buildSettings = {
				ALWAYS_SEARCH_USER_PATHS = NO;
				ASSETCATALOG_COMPILER_GENERATE_SWIFT_ASSET_SYMBOL_EXTENSIONS = YES;
				CLANG_ANALYZER_NONNULL = YES;
				CLANG_ANALYZER_NUMBER_OBJECT_CONVERSION = YES_AGGRESSIVE;
				CLANG_CXX_LANGUAGE_STANDARD = "gnu++20";
				CLANG_ENABLE_MODULES = YES;
				CLANG_ENABLE_OBJC_ARC = YES;
				CLANG_ENABLE_OBJC_WEAK = YES;
				CLANG_WARN_BLOCK_CAPTURE_AUTORELEASING = YES;
				CLANG_WARN_BOOL_CONVERSION = YES;
				CLANG_WARN_COMMA = YES;
				CLANG_WARN_CONSTANT_CONVERSION = YES;
				CLANG_WARN_DEPRECATED_OBJC_IMPLEMENTATIONS = YES;
				CLANG_WARN_DIRECT_OBJC_ISA_USAGE = YES_ERROR;
				CLANG_WARN_DOCUMENTATION_COMMENTS = YES;
				CLANG_WARN_EMPTY_BODY = YES;
				CLANG_WARN_ENUM_CONVERSION = YES;
				CLANG_WARN_INFINITE_RECURSION = YES;
				CLANG_WARN_INT_CONVERSION = YES;
				CLANG_WARN_NON_LITERAL_NULL_CONVERSION = YES;
				CLANG_WARN_OBJC_IMPLICIT_RETAIN_CYCLE = YES;
				CLANG_WARN_OBJC_LITERAL_CONVERSION = YES;
				CLANG_WARN_OBJC_ROOT_CLASS = YES_ERROR;
				CLANG_WARN_QUOTED_INCLUDE_IN_FRAMEWORK_HEADER = YES;
				CLANG_WARN_RANGE_LOOP_ANALYSIS = YES;
				CLANG_WARN_STRICT_PROTOTYPES = YES;
				CLANG_WARN_SUSPICIOUS_MOVE = YES;
				CLANG_WARN_UNGUARDED_AVAILABILITY = YES_AGGRESSIVE;
				CLANG_WARN_UNREACHABLE_CODE = YES;
				CLANG_WARN__DUPLICATE_METHOD_MATCH = YES;
				COPY_PHASE_STRIP = NO;
				DEBUG_INFORMATION_FORMAT = "dwarf-with-dsym";
				ENABLE_NS_ASSERTIONS = NO;
				ENABLE_STRICT_OBJC_MSGSEND = YES;
				ENABLE_USER_SCRIPT_SANDBOXING = YES;
				GCC_C_LANGUAGE_STANDARD = gnu17;
				GCC_NO_COMMON_BLOCKS = YES;
				GCC_WARN_64_TO_32_BIT_CONVERSION = YES;
				GCC_WARN_ABOUT_RETURN_TYPE = YES_ERROR;
				GCC_WARN_UNDECLARED_SELECTOR = YES;
				GCC_WARN_UNINITIALIZED_AUTOS = YES_AGGRESSIVE;
				GCC_WARN_UNUSED_FUNCTION = YES;
				GCC_WARN_UNUSED_VARIABLE = YES;
				IPHONEOS_DEPLOYMENT_TARGET = 16.0;
				MTL_FAST_MATH = YES;
				SDKROOT = iphoneos;
				SWIFT_COMPILATION_MODE = wholemodule;
				SWIFT_OPTIMIZATION_LEVEL = "-O";
				VALIDATE_PRODUCT = YES;
			};
			name = Release;
		};
		AA0000C400000000000000C4 /* Debug */ = {
			isa = XCBuildConfiguration;
			buildSettings = {
				ASSETCATALOG_COMPILER_APPICON_NAME = AppIcon;
				ASSETCATALOG_COMPILER_GLOBAL_ACCENT_COLOR_NAME = AccentColor;
				CODE_SIGN_STYLE = Automatic;
				CURRENT_PROJECT_VERSION = 1;
				DEVELOPMENT_ASSET_PATHS = "";
				DEVELOPMENT_TEAM = 5X83K7Q543;
				ENABLE_PREVIEWS = YES;
				GENERATE_INFOPLIST_FILE = NO;
				INFOPLIST_FILE = Tadabbur/Info.plist;
				IPHONEOS_DEPLOYMENT_TARGET = 16.0;
				LD_RUNPATH_SEARCH_PATHS = (
					"$(inherited)",
					"@executable_path/Frameworks",
				);
				MARKETING_VERSION = 1.0;
				PRODUCT_BUNDLE_IDENTIFIER = com.tadabbur.app;
				PRODUCT_NAME = "$(TARGET_NAME)";
				SUPPORTED_PLATFORMS = "iphoneos iphonesimulator";
				SUPPORTS_MACCATALYST = NO;
				SUPPORTS_MAC_DESIGNED_FOR_IPHONE_IPAD = NO;
				SWIFT_EMIT_LOC_STRINGS = YES;
				SWIFT_VERSION = 5.0;
				TARGETED_DEVICE_FAMILY = 1;
			};
			name = Debug;
		};
		AA0000C500000000000000C5 /* Release */ = {
			isa = XCBuildConfiguration;
			buildSettings = {
				ASSETCATALOG_COMPILER_APPICON_NAME = AppIcon;
				ASSETCATALOG_COMPILER_GLOBAL_ACCENT_COLOR_NAME = AccentColor;
				CODE_SIGN_STYLE = Automatic;
				CURRENT_PROJECT_VERSION = 1;
				DEVELOPMENT_ASSET_PATHS = "";
				DEVELOPMENT_TEAM = 5X83K7Q543;
				ENABLE_PREVIEWS = YES;
				GENERATE_INFOPLIST_FILE = NO;
				INFOPLIST_FILE = Tadabbur/Info.plist;
				IPHONEOS_DEPLOYMENT_TARGET = 16.0;
				LD_RUNPATH_SEARCH_PATHS = (
					"$(inherited)",
					"@executable_path/Frameworks",
				);
				MARKETING_VERSION = 1.0;
				PRODUCT_BUNDLE_IDENTIFIER = com.tadabbur.app;
				PRODUCT_NAME = "$(TARGET_NAME)";
				SUPPORTED_PLATFORMS = "iphoneos iphonesimulator";
				SUPPORTS_MACCATALYST = NO;
				SUPPORTS_MAC_DESIGNED_FOR_IPHONE_IPAD = NO;
				SWIFT_EMIT_LOC_STRINGS = YES;
				SWIFT_VERSION = 5.0;
				TARGETED_DEVICE_FAMILY = 1;
			};
			name = Release;
		};
/* End XCBuildConfiguration section */

/* Begin XCConfigurationList section */
		BB0000110000000000000011 /* Build configuration list for PBXNativeTarget "TadabburWidgetExtension" */ = {
			isa = XCConfigurationList;
			buildConfigurations = (
				BB00000F000000000000000F /* Debug */,
				BB0000100000000000000010 /* Release */,
			);
			defaultConfigurationIsVisible = 0;
			defaultConfigurationName = Release;
		};
		AA0000C000000000000000C0 /* Build configuration list for PBXProject "Tadabbur" */ = {
			isa = XCConfigurationList;
			buildConfigurations = (
				AA0000C200000000000000C2 /* Debug */,
				AA0000C300000000000000C3 /* Release */,
			);
			defaultConfigurationIsVisible = 0;
			defaultConfigurationName = Release;
		};
		AA0000C100000000000000C1 /* Build configuration list for PBXNativeTarget "Tadabbur" */ = {
			isa = XCConfigurationList;
			buildConfigurations = (
				AA0000C400000000000000C4 /* Debug */,
				AA0000C500000000000000C5 /* Release */,
			);
			defaultConfigurationIsVisible = 0;
			defaultConfigurationName = Release;
		};
/* End XCConfigurationList section */
	};
	rootObject = AA0000D000000000000000D0 /* Project object */;
}
